#!r6rs ; -*- mode: scheme; coding: utf-8 -*-
;; This file is automatically generated - do not change it by hand.
(import (akku format lockfile))
(projects
  ((name "chez-matrices")
   (location
     (url "https://archive.akkuscm.org/archive/pkg/c/chez-matrices_0.1.0-alpha.0_repack.tar.xz"))
   (content
     (sha256
       "c189b937af8ed15387edf0d70291fd2e044a5a3ea1d6e806d287d4076fd72baa")))
  ((name "chez-srfi")
   (location
     (url "https://archive.akkuscm.org/archive/pkg/c/chez-srfi_0.0.0-akku.181.7879b52_repack.tar.xz"))
   (content
     (sha256
       "f002bc7fc669b5980c885a5fb6770f8e016b06761e8e9755154bfa3a4f578fcb"))))
